// !$*UTF8*$!
{
	archiveVersion = 1;
	classes = {
	};
	objectVersion = 56;
	objects = {

/* Begin PBXBuildFile section */
		2D6317662CC437D30043325E /* CardView.swift in Sources */ = {isa = PBXBuildFile; fileRef = 2D6317652CC437D30043325E /* CardView.swift */; };
		2D6317682CC437E50043325E /* LearningView.swift in Sources */ = {isa = PBXBuildFile; fileRef = 2D6317672CC437E50043325E /* LearningView.swift */; };
		2D63176B2CC441560043325E /* Course.swift in Sources */ = {isa = PBXBuildFile; fileRef = 2D63176A2CC441560043325E /* Course.swift */; };
		2D63176D2CC4417E0043325E /* Card.swift in Sources */ = {isa = PBXBuildFile; fileRef = 2D63176C2CC4417E0043325E /* Card.swift */; };
		2D63176F2CC444C10043325E /* CardType.swift in Sources */ = {isa = PBXBuildFile; fileRef = 2D63176E2CC444C10043325E /* CardType.swift */; };
		2D6317712CC4464C0043325E /* MultipleChoiceView.swift in Sources */ = {isa = PBXBuildFile; fileRef = 2D6317702CC4464C0043325E /* MultipleChoiceView.swift */; };
		2D6317732CC446600043325E /* TrueFalseView.swift in Sources */ = {isa = PBXBuildFile; fileRef = 2D6317722CC446600043325E /* TrueFalseView.swift */; };
		2D6317752CC446720043325E /* ShortAnswerView.swift in Sources */ = {isa = PBXBuildFile; fileRef = 2D6317742CC446720043325E /* ShortAnswerView.swift */; };
		2D6317772CC446850043325E /* LongAnswerView.swift in Sources */ = {isa = PBXBuildFile; fileRef = 2D6317762CC446850043325E /* LongAnswerView.swift */; };
		2D63177A2CC446D50043325E /* SampleData.swift in Sources */ = {isa = PBXBuildFile; fileRef = 2D6317792CC446D50043325E /* SampleData.swift */; };
		2D63177C2CC4484D0043325E /* CardStackView.swift in Sources */ = {isa = PBXBuildFile; fileRef = 2D63177B2CC4484D0043325E /* CardStackView.swift */; };
		2D63177E2CC4486A0043325E /* CloseButtonView.swift in Sources */ = {isa = PBXBuildFile; fileRef = 2D63177D2CC4486A0043325E /* CloseButtonView.swift */; };
		2D8B1EEF2CC417C8001C30D5 /* ByteSize_LearnApp.swift in Sources */ = {isa = PBXBuildFile; fileRef = 2D8B1EEE2CC417C8001C30D5 /* ByteSize_LearnApp.swift */; };
		2D8B1EF32CC417C9001C30D5 /* Assets.xcassets in Resources */ = {isa = PBXBuildFile; fileRef = 2D8B1EF22CC417C9001C30D5 /* Assets.xcassets */; };
		2D8B1EF62CC417C9001C30D5 /* Preview Assets.xcassets in Resources */ = {isa = PBXBuildFile; fileRef = 2D8B1EF52CC417C9001C30D5 /* Preview Assets.xcassets */; };
		2D8B1F002CC417C9001C30D5 /* ByteSize_LearnTests.swift in Sources */ = {isa = PBXBuildFile; fileRef = 2D8B1EFF2CC417C9001C30D5 /* ByteSize_LearnTests.swift */; };
		2D8B1F0A2CC417C9001C30D5 /* ByteSize_LearnUITests.swift in Sources */ = {isa = PBXBuildFile; fileRef = 2D8B1F092CC417C9001C30D5 /* ByteSize_LearnUITests.swift */; };
		2D8B1F0C2CC417C9001C30D5 /* ByteSize_LearnUITestsLaunchTests.swift in Sources */ = {isa = PBXBuildFile; fileRef = 2D8B1F0B2CC417C9001C30D5 /* ByteSize_LearnUITestsLaunchTests.swift */; };
		2DA10A1F2CC419A7007BE130 /* Coordinator.swift in Sources */ = {isa = PBXBuildFile; fileRef = 2DA10A1E2CC419A7007BE130 /* Coordinator.swift */; };
		2DA10A242CC41ADC007BE130 /* UIElements.swift in Sources */ = {isa = PBXBuildFile; fileRef = 2DA10A232CC41ADC007BE130 /* UIElements.swift */; };
		2DA10A272CC41B18007BE130 /* CoordinatorView.swift in Sources */ = {isa = PBXBuildFile; fileRef = 2DA10A262CC41B18007BE130 /* CoordinatorView.swift */; };
		2DA10A292CC41C25007BE130 /* AboutView.swift in Sources */ = {isa = PBXBuildFile; fileRef = 2DA10A282CC41C25007BE130 /* AboutView.swift */; };
		2DA10A2F2CC41C8D007BE130 /* OnboardingView.swift in Sources */ = {isa = PBXBuildFile; fileRef = 2DA10A2E2CC41C8D007BE130 /* OnboardingView.swift */; };
		2DA10A312CC41D0B007BE130 /* HomePageView.swift in Sources */ = {isa = PBXBuildFile; fileRef = 2DA10A302CC41D0B007BE130 /* HomePageView.swift */; };
		2DA10A332CC41D6B007BE130 /* SettingsView.swift in Sources */ = {isa = PBXBuildFile; fileRef = 2DA10A322CC41D6B007BE130 /* SettingsView.swift */; };
		2DA10A3B2CC42152007BE130 /* AWSAPIPlugin in Frameworks */ = {isa = PBXBuildFile; productRef = 2DA10A3A2CC42152007BE130 /* AWSAPIPlugin */; };
		2DA10A3D2CC42152007BE130 /* AWSCloudWatchLoggingPlugin in Frameworks */ = {isa = PBXBuildFile; productRef = 2DA10A3C2CC42152007BE130 /* AWSCloudWatchLoggingPlugin */; };
		2DA10A3F2CC42152007BE130 /* AWSCognitoAuthPlugin in Frameworks */ = {isa = PBXBuildFile; productRef = 2DA10A3E2CC42152007BE130 /* AWSCognitoAuthPlugin */; };
		2DA10A412CC42152007BE130 /* AWSDataStorePlugin in Frameworks */ = {isa = PBXBuildFile; productRef = 2DA10A402CC42152007BE130 /* AWSDataStorePlugin */; };
		2DA10A432CC42152007BE130 /* AWSLocationGeoPlugin in Frameworks */ = {isa = PBXBuildFile; productRef = 2DA10A422CC42152007BE130 /* AWSLocationGeoPlugin */; };
		2DA10A452CC42152007BE130 /* AWSPinpointAnalyticsPlugin in Frameworks */ = {isa = PBXBuildFile; productRef = 2DA10A442CC42152007BE130 /* AWSPinpointAnalyticsPlugin */; };
		2DA10A472CC42152007BE130 /* AWSPinpointPushNotificationsPlugin in Frameworks */ = {isa = PBXBuildFile; productRef = 2DA10A462CC42152007BE130 /* AWSPinpointPushNotificationsPlugin */; };
		2DA10A492CC42152007BE130 /* AWSPluginsCore in Frameworks */ = {isa = PBXBuildFile; productRef = 2DA10A482CC42152007BE130 /* AWSPluginsCore */; };
		2DA10A4B2CC42152007BE130 /* AWSPredictionsPlugin in Frameworks */ = {isa = PBXBuildFile; productRef = 2DA10A4A2CC42152007BE130 /* AWSPredictionsPlugin */; };
		2DA10A4D2CC42152007BE130 /* AWSS3StoragePlugin in Frameworks */ = {isa = PBXBuildFile; productRef = 2DA10A4C2CC42152007BE130 /* AWSS3StoragePlugin */; };
		2DA10A4F2CC42152007BE130 /* Amplify in Frameworks */ = {isa = PBXBuildFile; productRef = 2DA10A4E2CC42152007BE130 /* Amplify */; };
		2DA10A512CC42152007BE130 /* CoreMLPredictionsPlugin in Frameworks */ = {isa = PBXBuildFile; productRef = 2DA10A502CC42152007BE130 /* CoreMLPredictionsPlugin */; };
/* End PBXBuildFile section */

/* Begin PBXContainerItemProxy section */
		2D8B1EFC2CC417C9001C30D5 /* PBXContainerItemProxy */ = {
			isa = PBXContainerItemProxy;
			containerPortal = 2D8B1EE32CC417C8001C30D5 /* Project object */;
			proxyType = 1;
			remoteGlobalIDString = 2D8B1EEA2CC417C8001C30D5;
			remoteInfo = "ByteSize-Learn";
		};
		2D8B1F062CC417C9001C30D5 /* PBXContainerItemProxy */ = {
			isa = PBXContainerItemProxy;
			containerPortal = 2D8B1EE32CC417C8001C30D5 /* Project object */;
			proxyType = 1;
			remoteGlobalIDString = 2D8B1EEA2CC417C8001C30D5;
			remoteInfo = "ByteSize-Learn";
		};
/* End PBXContainerItemProxy section */

/* Begin PBXFileReference section */
		2D6317652CC437D30043325E /* CardView.swift */ = {isa = PBXFileReference; lastKnownFileType = sourcecode.swift; path = CardView.swift; sourceTree = "<group>"; };
		2D6317672CC437E50043325E /* LearningView.swift */ = {isa = PBXFileReference; lastKnownFileType = sourcecode.swift; path = LearningView.swift; sourceTree = "<group>"; };
		2D63176A2CC441560043325E /* Course.swift */ = {isa = PBXFileReference; lastKnownFileType = sourcecode.swift; path = Course.swift; sourceTree = "<group>"; };
		2D63176C2CC4417E0043325E /* Card.swift */ = {isa = PBXFileReference; lastKnownFileType = sourcecode.swift; path = Card.swift; sourceTree = "<group>"; };
		2D63176E2CC444C10043325E /* CardType.swift */ = {isa = PBXFileReference; lastKnownFileType = sourcecode.swift; path = CardType.swift; sourceTree = "<group>"; };
		2D6317702CC4464C0043325E /* MultipleChoiceView.swift */ = {isa = PBXFileReference; lastKnownFileType = sourcecode.swift; path = MultipleChoiceView.swift; sourceTree = "<group>"; };
		2D6317722CC446600043325E /* TrueFalseView.swift */ = {isa = PBXFileReference; lastKnownFileType = sourcecode.swift; path = TrueFalseView.swift; sourceTree = "<group>"; };
		2D6317742CC446720043325E /* ShortAnswerView.swift */ = {isa = PBXFileReference; lastKnownFileType = sourcecode.swift; path = ShortAnswerView.swift; sourceTree = "<group>"; };
		2D6317762CC446850043325E /* LongAnswerView.swift */ = {isa = PBXFileReference; lastKnownFileType = sourcecode.swift; path = LongAnswerView.swift; sourceTree = "<group>"; };
		2D6317792CC446D50043325E /* SampleData.swift */ = {isa = PBXFileReference; lastKnownFileType = sourcecode.swift; path = SampleData.swift; sourceTree = "<group>"; };
		2D63177B2CC4484D0043325E /* CardStackView.swift */ = {isa = PBXFileReference; lastKnownFileType = sourcecode.swift; path = CardStackView.swift; sourceTree = "<group>"; };
		2D63177D2CC4486A0043325E /* CloseButtonView.swift */ = {isa = PBXFileReference; lastKnownFileType = sourcecode.swift; path = CloseButtonView.swift; sourceTree = "<group>"; };
		2D8B1EEB2CC417C8001C30D5 /* ByteSize-Learn.app */ = {isa = PBXFileReference; explicitFileType = wrapper.application; includeInIndex = 0; path = "ByteSize-Learn.app"; sourceTree = BUILT_PRODUCTS_DIR; };
		2D8B1EEE2CC417C8001C30D5 /* ByteSize_LearnApp.swift */ = {isa = PBXFileReference; lastKnownFileType = sourcecode.swift; path = ByteSize_LearnApp.swift; sourceTree = "<group>"; };
		2D8B1EF22CC417C9001C30D5 /* Assets.xcassets */ = {isa = PBXFileReference; lastKnownFileType = folder.assetcatalog; path = Assets.xcassets; sourceTree = "<group>"; };
		2D8B1EF52CC417C9001C30D5 /* Preview Assets.xcassets */ = {isa = PBXFileReference; lastKnownFileType = folder.assetcatalog; path = "Preview Assets.xcassets"; sourceTree = "<group>"; };
		2D8B1EFB2CC417C9001C30D5 /* ByteSize-LearnTests.xctest */ = {isa = PBXFileReference; explicitFileType = wrapper.cfbundle; includeInIndex = 0; path = "ByteSize-LearnTests.xctest"; sourceTree = BUILT_PRODUCTS_DIR; };
		2D8B1EFF2CC417C9001C30D5 /* ByteSize_LearnTests.swift */ = {isa = PBXFileReference; lastKnownFileType = sourcecode.swift; path = ByteSize_LearnTests.swift; sourceTree = "<group>"; };
		2D8B1F052CC417C9001C30D5 /* ByteSize-LearnUITests.xctest */ = {isa = PBXFileReference; explicitFileType = wrapper.cfbundle; includeInIndex = 0; path = "ByteSize-LearnUITests.xctest"; sourceTree = BUILT_PRODUCTS_DIR; };
		2D8B1F092CC417C9001C30D5 /* ByteSize_LearnUITests.swift */ = {isa = PBXFileReference; lastKnownFileType = sourcecode.swift; path = ByteSize_LearnUITests.swift; sourceTree = "<group>"; };
		2D8B1F0B2CC417C9001C30D5 /* ByteSize_LearnUITestsLaunchTests.swift */ = {isa = PBXFileReference; lastKnownFileType = sourcecode.swift; path = ByteSize_LearnUITestsLaunchTests.swift; sourceTree = "<group>"; };
		2DA10A1E2CC419A7007BE130 /* Coordinator.swift */ = {isa = PBXFileReference; lastKnownFileType = sourcecode.swift; path = Coordinator.swift; sourceTree = "<group>"; };
		2DA10A232CC41ADC007BE130 /* UIElements.swift */ = {isa = PBXFileReference; lastKnownFileType = sourcecode.swift; path = UIElements.swift; sourceTree = "<group>"; };
		2DA10A262CC41B18007BE130 /* CoordinatorView.swift */ = {isa = PBXFileReference; lastKnownFileType = sourcecode.swift; path = CoordinatorView.swift; sourceTree = "<group>"; };
		2DA10A282CC41C25007BE130 /* AboutView.swift */ = {isa = PBXFileReference; lastKnownFileType = sourcecode.swift; path = AboutView.swift; sourceTree = "<group>"; };
		2DA10A2E2CC41C8D007BE130 /* OnboardingView.swift */ = {isa = PBXFileReference; lastKnownFileType = sourcecode.swift; path = OnboardingView.swift; sourceTree = "<group>"; };
		2DA10A302CC41D0B007BE130 /* HomePageView.swift */ = {isa = PBXFileReference; lastKnownFileType = sourcecode.swift; path = HomePageView.swift; sourceTree = "<group>"; };
		2DA10A322CC41D6B007BE130 /* SettingsView.swift */ = {isa = PBXFileReference; lastKnownFileType = sourcecode.swift; path = SettingsView.swift; sourceTree = "<group>"; };
/* End PBXFileReference section */

/* Begin PBXFrameworksBuildPhase section */
		2D8B1EE82CC417C8001C30D5 /* Frameworks */ = {
			isa = PBXFrameworksBuildPhase;
			buildActionMask = 2147483647;
			files = (
				2DA10A3B2CC42152007BE130 /* AWSAPIPlugin in Frameworks */,
				2DA10A452CC42152007BE130 /* AWSPinpointAnalyticsPlugin in Frameworks */,
				2DA10A432CC42152007BE130 /* AWSLocationGeoPlugin in Frameworks */,
				2DA10A3D2CC42152007BE130 /* AWSCloudWatchLoggingPlugin in Frameworks */,
				2DA10A4F2CC42152007BE130 /* Amplify in Frameworks */,
				2DA10A4B2CC42152007BE130 /* AWSPredictionsPlugin in Frameworks */,
				2DA10A4D2CC42152007BE130 /* AWSS3StoragePlugin in Frameworks */,
				2DA10A492CC42152007BE130 /* AWSPluginsCore in Frameworks */,
				2DA10A512CC42152007BE130 /* CoreMLPredictionsPlugin in Frameworks */,
				2DA10A3F2CC42152007BE130 /* AWSCognitoAuthPlugin in Frameworks */,
				2DA10A472CC42152007BE130 /* AWSPinpointPushNotificationsPlugin in Frameworks */,
				2DA10A412CC42152007BE130 /* AWSDataStorePlugin in Frameworks */,
			);
			runOnlyForDeploymentPostprocessing = 0;
		};
		2D8B1EF82CC417C9001C30D5 /* Frameworks */ = {
			isa = PBXFrameworksBuildPhase;
			buildActionMask = 2147483647;
			files = (
			);
			runOnlyForDeploymentPostprocessing = 0;
		};
		2D8B1F022CC417C9001C30D5 /* Frameworks */ = {
			isa = PBXFrameworksBuildPhase;
			buildActionMask = 2147483647;
			files = (
			);
			runOnlyForDeploymentPostprocessing = 0;
		};
/* End PBXFrameworksBuildPhase section */

/* Begin PBXGroup section */
		2D6317692CC441470043325E /* Models */ = {
			isa = PBXGroup;
			children = (
				2D6317782CC446CA0043325E /* Sample */,
				2D63176A2CC441560043325E /* Course.swift */,
				2D63176C2CC4417E0043325E /* Card.swift */,
				2D63176E2CC444C10043325E /* CardType.swift */,
			);
			path = Models;
			sourceTree = "<group>";
		};
		2D6317782CC446CA0043325E /* Sample */ = {
			isa = PBXGroup;
			children = (
				2D6317792CC446D50043325E /* SampleData.swift */,
			);
			path = Sample;
			sourceTree = "<group>";
		};
		2D63177F2CC449510043325E /* Components */ = {
			isa = PBXGroup;
			children = (
				2D6317702CC4464C0043325E /* MultipleChoiceView.swift */,
				2D6317722CC446600043325E /* TrueFalseView.swift */,
				2D6317742CC446720043325E /* ShortAnswerView.swift */,
				2D6317762CC446850043325E /* LongAnswerView.swift */,
				2D6317652CC437D30043325E /* CardView.swift */,
				2D63177B2CC4484D0043325E /* CardStackView.swift */,
				2D63177D2CC4486A0043325E /* CloseButtonView.swift */,
			);
			path = Components;
			sourceTree = "<group>";
		};
		2D8B1EE22CC417C8001C30D5 = {
			isa = PBXGroup;
			children = (
				2D8B1EED2CC417C8001C30D5 /* ByteSize-Learn */,
				2D8B1EFE2CC417C9001C30D5 /* ByteSize-LearnTests */,
				2D8B1F082CC417C9001C30D5 /* ByteSize-LearnUITests */,
				2D8B1EEC2CC417C8001C30D5 /* Products */,
			);
			sourceTree = "<group>";
		};
		2D8B1EEC2CC417C8001C30D5 /* Products */ = {
			isa = PBXGroup;
			children = (
				2D8B1EEB2CC417C8001C30D5 /* ByteSize-Learn.app */,
				2D8B1EFB2CC417C9001C30D5 /* ByteSize-LearnTests.xctest */,
				2D8B1F052CC417C9001C30D5 /* ByteSize-LearnUITests.xctest */,
			);
			name = Products;
			sourceTree = "<group>";
		};
		2D8B1EED2CC417C8001C30D5 /* ByteSize-Learn */ = {
			isa = PBXGroup;
			children = (
				2D6317692CC441470043325E /* Models */,
				2DA10A1C2CC4195F007BE130 /* Stores */,
				2DA10A1B2CC41947007BE130 /* Views */,
				2D8B1EEE2CC417C8001C30D5 /* ByteSize_LearnApp.swift */,
				2D8B1EF22CC417C9001C30D5 /* Assets.xcassets */,
				2D8B1EF42CC417C9001C30D5 /* Preview Content */,
			);
			path = "ByteSize-Learn";
			sourceTree = "<group>";
		};
		2D8B1EF42CC417C9001C30D5 /* Preview Content */ = {
			isa = PBXGroup;
			children = (
				2D8B1EF52CC417C9001C30D5 /* Preview Assets.xcassets */,
			);
			path = "Preview Content";
			sourceTree = "<group>";
		};
		2D8B1EFE2CC417C9001C30D5 /* ByteSize-LearnTests */ = {
			isa = PBXGroup;
			children = (
				2D8B1EFF2CC417C9001C30D5 /* ByteSize_LearnTests.swift */,
			);
			path = "ByteSize-LearnTests";
			sourceTree = "<group>";
		};
		2D8B1F082CC417C9001C30D5 /* ByteSize-LearnUITests */ = {
			isa = PBXGroup;
			children = (
				2D8B1F092CC417C9001C30D5 /* ByteSize_LearnUITests.swift */,
				2D8B1F0B2CC417C9001C30D5 /* ByteSize_LearnUITestsLaunchTests.swift */,
			);
			path = "ByteSize-LearnUITests";
			sourceTree = "<group>";
		};
		2DA10A1B2CC41947007BE130 /* Views */ = {
			isa = PBXGroup;
			children = (
				2D63177F2CC449510043325E /* Components */,
				2DA10A252CC41B05007BE130 /* Navigation */,
				2DA10A222CC41AD1007BE130 /* Shared */,
				2DA10A1D2CC41978007BE130 /* Screens */,
			);
			path = Views;
			sourceTree = "<group>";
		};
		2DA10A1C2CC4195F007BE130 /* Stores */ = {
			isa = PBXGroup;
			children = (
				2DA10A1E2CC419A7007BE130 /* Coordinator.swift */,
			);
			path = Stores;
			sourceTree = "<group>";
		};
		2DA10A1D2CC41978007BE130 /* Screens */ = {
			isa = PBXGroup;
			children = (
				2DA10A282CC41C25007BE130 /* AboutView.swift */,
				2DA10A2E2CC41C8D007BE130 /* OnboardingView.swift */,
				2DA10A302CC41D0B007BE130 /* HomePageView.swift */,
				2DA10A322CC41D6B007BE130 /* SettingsView.swift */,
				2D6317672CC437E50043325E /* LearningView.swift */,
			);
			path = Screens;
			sourceTree = "<group>";
		};
		2DA10A222CC41AD1007BE130 /* Shared */ = {
			isa = PBXGroup;
			children = (
				2DA10A232CC41ADC007BE130 /* UIElements.swift */,
			);
			path = Shared;
			sourceTree = "<group>";
		};
		2DA10A252CC41B05007BE130 /* Navigation */ = {
			isa = PBXGroup;
			children = (
				2DA10A262CC41B18007BE130 /* CoordinatorView.swift */,
			);
			path = Navigation;
			sourceTree = "<group>";
		};
/* End PBXGroup section */

/* Begin PBXNativeTarget section */
		2D8B1EEA2CC417C8001C30D5 /* ByteSize-Learn */ = {
			isa = PBXNativeTarget;
			buildConfigurationList = 2D8B1F0F2CC417C9001C30D5 /* Build configuration list for PBXNativeTarget "ByteSize-Learn" */;
			buildPhases = (
				2D8B1EE72CC417C8001C30D5 /* Sources */,
				2D8B1EE82CC417C8001C30D5 /* Frameworks */,
				2D8B1EE92CC417C8001C30D5 /* Resources */,
			);
			buildRules = (
			);
			dependencies = (
			);
			name = "ByteSize-Learn";
			packageProductDependencies = (
				2DA10A3A2CC42152007BE130 /* AWSAPIPlugin */,
				2DA10A3C2CC42152007BE130 /* AWSCloudWatchLoggingPlugin */,
				2DA10A3E2CC42152007BE130 /* AWSCognitoAuthPlugin */,
				2DA10A402CC42152007BE130 /* AWSDataStorePlugin */,
				2DA10A422CC42152007BE130 /* AWSLocationGeoPlugin */,
				2DA10A442CC42152007BE130 /* AWSPinpointAnalyticsPlugin */,
				2DA10A462CC42152007BE130 /* AWSPinpointPushNotificationsPlugin */,
				2DA10A482CC42152007BE130 /* AWSPluginsCore */,
				2DA10A4A2CC42152007BE130 /* AWSPredictionsPlugin */,
				2DA10A4C2CC42152007BE130 /* AWSS3StoragePlugin */,
				2DA10A4E2CC42152007BE130 /* Amplify */,
				2DA10A502CC42152007BE130 /* CoreMLPredictionsPlugin */,
			);
			productName = "ByteSize-Learn";
			productReference = 2D8B1EEB2CC417C8001C30D5 /* ByteSize-Learn.app */;
			productType = "com.apple.product-type.application";
		};
		2D8B1EFA2CC417C9001C30D5 /* ByteSize-LearnTests */ = {
			isa = PBXNativeTarget;
			buildConfigurationList = 2D8B1F122CC417C9001C30D5 /* Build configuration list for PBXNativeTarget "ByteSize-LearnTests" */;
			buildPhases = (
				2D8B1EF72CC417C9001C30D5 /* Sources */,
				2D8B1EF82CC417C9001C30D5 /* Frameworks */,
				2D8B1EF92CC417C9001C30D5 /* Resources */,
			);
			buildRules = (
			);
			dependencies = (
				2D8B1EFD2CC417C9001C30D5 /* PBXTargetDependency */,
			);
			name = "ByteSize-LearnTests";
			productName = "ByteSize-LearnTests";
			productReference = 2D8B1EFB2CC417C9001C30D5 /* ByteSize-LearnTests.xctest */;
			productType = "com.apple.product-type.bundle.unit-test";
		};
		2D8B1F042CC417C9001C30D5 /* ByteSize-LearnUITests */ = {
			isa = PBXNativeTarget;
			buildConfigurationList = 2D8B1F152CC417C9001C30D5 /* Build configuration list for PBXNativeTarget "ByteSize-LearnUITests" */;
			buildPhases = (
				2D8B1F012CC417C9001C30D5 /* Sources */,
				2D8B1F022CC417C9001C30D5 /* Frameworks */,
				2D8B1F032CC417C9001C30D5 /* Resources */,
			);
			buildRules = (
			);
			dependencies = (
				2D8B1F072CC417C9001C30D5 /* PBXTargetDependency */,
			);
			name = "ByteSize-LearnUITests";
			productName = "ByteSize-LearnUITests";
			productReference = 2D8B1F052CC417C9001C30D5 /* ByteSize-LearnUITests.xctest */;
			productType = "com.apple.product-type.bundle.ui-testing";
		};
/* End PBXNativeTarget section */

/* Begin PBXProject section */
		2D8B1EE32CC417C8001C30D5 /* Project object */ = {
			isa = PBXProject;
			attributes = {
				BuildIndependentTargetsInParallel = 1;
				LastSwiftUpdateCheck = 1500;
				LastUpgradeCheck = 1500;
				TargetAttributes = {
					2D8B1EEA2CC417C8001C30D5 = {
						CreatedOnToolsVersion = 15.0.1;
					};
					2D8B1EFA2CC417C9001C30D5 = {
						CreatedOnToolsVersion = 15.0.1;
						TestTargetID = 2D8B1EEA2CC417C8001C30D5;
					};
					2D8B1F042CC417C9001C30D5 = {
						CreatedOnToolsVersion = 15.0.1;
						TestTargetID = 2D8B1EEA2CC417C8001C30D5;
					};
				};
			};
			buildConfigurationList = 2D8B1EE62CC417C8001C30D5 /* Build configuration list for PBXProject "ByteSize-Learn" */;
			compatibilityVersion = "Xcode 14.0";
			developmentRegion = en;
			hasScannedForEncodings = 0;
			knownRegions = (
				en,
				Base,
			);
			mainGroup = 2D8B1EE22CC417C8001C30D5;
			packageReferences = (
				2DA10A392CC42152007BE130 /* XCRemoteSwiftPackageReference "amplify-swift" */,
			);
			productRefGroup = 2D8B1EEC2CC417C8001C30D5 /* Products */;
			projectDirPath = "";
			projectRoot = "";
			targets = (
				2D8B1EEA2CC417C8001C30D5 /* ByteSize-Learn */,
				2D8B1EFA2CC417C9001C30D5 /* ByteSize-LearnTests */,
				2D8B1F042CC417C9001C30D5 /* ByteSize-LearnUITests */,
			);
		};
/* End PBXProject section */

/* Begin PBXResourcesBuildPhase section */
		2D8B1EE92CC417C8001C30D5 /* Resources */ = {
			isa = PBXResourcesBuildPhase;
			buildActionMask = 2147483647;
			files = (
				2D8B1EF62CC417C9001C30D5 /* Preview Assets.xcassets in Resources */,
				2D8B1EF32CC417C9001C30D5 /* Assets.xcassets in Resources */,
			);
			runOnlyForDeploymentPostprocessing = 0;
		};
		2D8B1EF92CC417C9001C30D5 /* Resources */ = {
			isa = PBXResourcesBuildPhase;
			buildActionMask = 2147483647;
			files = (
			);
			runOnlyForDeploymentPostprocessing = 0;
		};
		2D8B1F032CC417C9001C30D5 /* Resources */ = {
			isa = PBXResourcesBuildPhase;
			buildActionMask = 2147483647;
			files = (
			);
			runOnlyForDeploymentPostprocessing = 0;
		};
/* End PBXResourcesBuildPhase section */

/* Begin PBXSourcesBuildPhase section */
		2D8B1EE72CC417C8001C30D5 /* Sources */ = {
			isa = PBXSourcesBuildPhase;
			buildActionMask = 2147483647;
			files = (
				2DA10A292CC41C25007BE130 /* AboutView.swift in Sources */,
				2D63177E2CC4486A0043325E /* CloseButtonView.swift in Sources */,
				2D6317712CC4464C0043325E /* MultipleChoiceView.swift in Sources */,
				2D63176B2CC441560043325E /* Course.swift in Sources */,
				2D6317662CC437D30043325E /* CardView.swift in Sources */,
				2DA10A272CC41B18007BE130 /* CoordinatorView.swift in Sources */,
				2D63177C2CC4484D0043325E /* CardStackView.swift in Sources */,
				2D6317732CC446600043325E /* TrueFalseView.swift in Sources */,
				2DA10A2F2CC41C8D007BE130 /* OnboardingView.swift in Sources */,
				2D63177A2CC446D50043325E /* SampleData.swift in Sources */,
				2D8B1EEF2CC417C8001C30D5 /* ByteSize_LearnApp.swift in Sources */,
				2DA10A1F2CC419A7007BE130 /* Coordinator.swift in Sources */,
				2D63176D2CC4417E0043325E /* Card.swift in Sources */,
				2DA10A332CC41D6B007BE130 /* SettingsView.swift in Sources */,
				2D6317772CC446850043325E /* LongAnswerView.swift in Sources */,
				2D6317752CC446720043325E /* ShortAnswerView.swift in Sources */,
				2DA10A312CC41D0B007BE130 /* HomePageView.swift in Sources */,
				2D6317682CC437E50043325E /* LearningView.swift in Sources */,
				2DA10A242CC41ADC007BE130 /* UIElements.swift in Sources */,
				2D63176F2CC444C10043325E /* CardType.swift in Sources */,
			);
			runOnlyForDeploymentPostprocessing = 0;
		};
		2D8B1EF72CC417C9001C30D5 /* Sources */ = {
			isa = PBXSourcesBuildPhase;
			buildActionMask = 2147483647;
			files = (
				2D8B1F002CC417C9001C30D5 /* ByteSize_LearnTests.swift in Sources */,
			);
			runOnlyForDeploymentPostprocessing = 0;
		};
		2D8B1F012CC417C9001C30D5 /* Sources */ = {
			isa = PBXSourcesBuildPhase;
			buildActionMask = 2147483647;
			files = (
				2D8B1F0C2CC417C9001C30D5 /* ByteSize_LearnUITestsLaunchTests.swift in Sources */,
				2D8B1F0A2CC417C9001C30D5 /* ByteSize_LearnUITests.swift in Sources */,
			);
			runOnlyForDeploymentPostprocessing = 0;
		};
/* End PBXSourcesBuildPhase section */

/* Begin PBXTargetDependency section */
		2D8B1EFD2CC417C9001C30D5 /* PBXTargetDependency */ = {
			isa = PBXTargetDependency;
			target = 2D8B1EEA2CC417C8001C30D5 /* ByteSize-Learn */;
			targetProxy = 2D8B1EFC2CC417C9001C30D5 /* PBXContainerItemProxy */;
		};
		2D8B1F072CC417C9001C30D5 /* PBXTargetDependency */ = {
			isa = PBXTargetDependency;
			target = 2D8B1EEA2CC417C8001C30D5 /* ByteSize-Learn */;
			targetProxy = 2D8B1F062CC417C9001C30D5 /* PBXContainerItemProxy */;
		};
/* End PBXTargetDependency section */

/* Begin XCBuildConfiguration section */
		2D8B1F0D2CC417C9001C30D5 /* Debug */ = {
			isa = XCBuildConfiguration;
			buildSettings = {
				ALWAYS_SEARCH_USER_PATHS = NO;
				ASSETCATALOG_COMPILER_GENERATE_SWIFT_ASSET_SYMBOL_EXTENSIONS = YES;
				CLANG_ANALYZER_NONNULL = YES;
				CLANG_ANALYZER_NUMBER_OBJECT_CONVERSION = YES_AGGRESSIVE;
				CLANG_CXX_LANGUAGE_STANDARD = "gnu++20";
				CLANG_ENABLE_MODULES = YES;
				CLANG_ENABLE_OBJC_ARC = YES;
				CLANG_ENABLE_OBJC_WEAK = YES;
				CLANG_WARN_BLOCK_CAPTURE_AUTORELEASING = YES;
				CLANG_WARN_BOOL_CONVERSION = YES;
				CLANG_WARN_COMMA = YES;
				CLANG_WARN_CONSTANT_CONVERSION = YES;
				CLANG_WARN_DEPRECATED_OBJC_IMPLEMENTATIONS = YES;
				CLANG_WARN_DIRECT_OBJC_ISA_USAGE = YES_ERROR;
				CLANG_WARN_DOCUMENTATION_COMMENTS = YES;
				CLANG_WARN_EMPTY_BODY = YES;
				CLANG_WARN_ENUM_CONVERSION = YES;
				CLANG_WARN_INFINITE_RECURSION = YES;
				CLANG_WARN_INT_CONVERSION = YES;
				CLANG_WARN_NON_LITERAL_NULL_CONVERSION = YES;
				CLANG_WARN_OBJC_IMPLICIT_RETAIN_SELF = YES;
				CLANG_WARN_OBJC_LITERAL_CONVERSION = YES;
				CLANG_WARN_OBJC_ROOT_CLASS = YES_ERROR;
				CLANG_WARN_QUOTED_INCLUDE_IN_FRAMEWORK_HEADER = YES;
				CLANG_WARN_RANGE_LOOP_ANALYSIS = YES;
				CLANG_WARN_STRICT_PROTOTYPES = YES;
				CLANG_WARN_SUSPICIOUS_MOVE = YES;
				CLANG_WARN_UNGUARDED_AVAILABILITY = YES_AGGRESSIVE;
				CLANG_WARN_UNREACHABLE_CODE = YES;
				CLANG_WARN__DUPLICATE_METHOD_MATCH = YES;
				COPY_PHASE_STRIP = NO;
				DEBUG_INFORMATION_FORMAT = dwarf;
				ENABLE_STRICT_OBJC_MSGSEND = YES;
				ENABLE_TESTABILITY = YES;
				ENABLE_USER_SCRIPT_SANDBOXING = YES;
				GCC_C_LANGUAGE_STANDARD = gnu17;
				GCC_DYNAMIC_NO_PIC = NO;
				GCC_NO_COMMON_BLOCKS = YES;
				GCC_OPTIMIZATION_LEVEL = 0;
				GCC_PREPROCESSOR_DEFINITIONS = (
					"DEBUG=1",
					"$(inherited)",
				);
				GCC_WARN_64_TO_32_BIT_CONVERSION = YES;
				GCC_WARN_ABOUT_RETURN_TYPE = YES_ERROR;
				GCC_WARN_UNDECLARED_SELECTOR = YES;
				GCC_WARN_UNINITIALIZED_AUTOS = YES_AGGRESSIVE;
				GCC_WARN_UNUSED_FUNCTION = YES;
				GCC_WARN_UNUSED_VARIABLE = YES;
				IPHONEOS_DEPLOYMENT_TARGET = 17.0;
				LOCALIZATION_PREFERS_STRING_CATALOGS = YES;
				MTL_ENABLE_DEBUG_INFO = INCLUDE_SOURCE;
				MTL_FAST_MATH = YES;
				ONLY_ACTIVE_ARCH = YES;
				SDKROOT = iphoneos;
				SWIFT_ACTIVE_COMPILATION_CONDITIONS = "DEBUG $(inherited)";
				SWIFT_OPTIMIZATION_LEVEL = "-Onone";
			};
			name = Debug;
		};
		2D8B1F0E2CC417C9001C30D5 /* Release */ = {
			isa = XCBuildConfiguration;
			buildSettings = {
				ALWAYS_SEARCH_USER_PATHS = NO;
				ASSETCATALOG_COMPILER_GENERATE_SWIFT_ASSET_SYMBOL_EXTENSIONS = YES;
				CLANG_ANALYZER_NONNULL = YES;
				CLANG_ANALYZER_NUMBER_OBJECT_CONVERSION = YES_AGGRESSIVE;
				CLANG_CXX_LANGUAGE_STANDARD = "gnu++20";
				CLANG_ENABLE_MODULES = YES;
				CLANG_ENABLE_OBJC_ARC = YES;
				CLANG_ENABLE_OBJC_WEAK = YES;
				CLANG_WARN_BLOCK_CAPTURE_AUTORELEASING = YES;
				CLANG_WARN_BOOL_CONVERSION = YES;
				CLANG_WARN_COMMA = YES;
				CLANG_WARN_CONSTANT_CONVERSION = YES;
				CLANG_WARN_DEPRECATED_OBJC_IMPLEMENTATIONS = YES;
				CLANG_WARN_DIRECT_OBJC_ISA_USAGE = YES_ERROR;
				CLANG_WARN_DOCUMENTATION_COMMENTS = YES;
				CLANG_WARN_EMPTY_BODY = YES;
				CLANG_WARN_ENUM_CONVERSION = YES;
				CLANG_WARN_INFINITE_RECURSION = YES;
				CLANG_WARN_INT_CONVERSION = YES;
				CLANG_WARN_NON_LITERAL_NULL_CONVERSION = YES;
				CLANG_WARN_OBJC_IMPLICIT_RETAIN_SELF = YES;
				CLANG_WARN_OBJC_LITERAL_CONVERSION = YES;
				CLANG_WARN_OBJC_ROOT_CLASS = YES_ERROR;
				CLANG_WARN_QUOTED_INCLUDE_IN_FRAMEWORK_HEADER = YES;
				CLANG_WARN_RANGE_LOOP_ANALYSIS = YES;
				CLANG_WARN_STRICT_PROTOTYPES = YES;
				CLANG_WARN_SUSPICIOUS_MOVE = YES;
				CLANG_WARN_UNGUARDED_AVAILABILITY = YES_AGGRESSIVE;
				CLANG_WARN_UNREACHABLE_CODE = YES;
				CLANG_WARN__DUPLICATE_METHOD_MATCH = YES;
				COPY_PHASE_STRIP = NO;
				DEBUG_INFORMATION_FORMAT = "dwarf-with-dsym";
				ENABLE_NS_ASSERTIONS = NO;
				ENABLE_STRICT_OBJC_MSGSEND = YES;
				ENABLE_USER_SCRIPT_SANDBOXING = YES;
				GCC_C_LANGUAGE_STANDARD = gnu17;
				GCC_NO_COMMON_BLOCKS = YES;
				GCC_WARN_64_TO_32_BIT_CONVERSION = YES;
				GCC_WARN_ABOUT_RETURN_TYPE = YES_ERROR;
				GCC_WARN_UNDECLARED_SELECTOR = YES;
				GCC_WARN_UNINITIALIZED_AUTOS = YES_AGGRESSIVE;
				GCC_WARN_UNUSED_FUNCTION = YES;
				GCC_WARN_UNUSED_VARIABLE = YES;
				IPHONEOS_DEPLOYMENT_TARGET = 17.0;
				LOCALIZATION_PREFERS_STRING_CATALOGS = YES;
				MTL_ENABLE_DEBUG_INFO = NO;
				MTL_FAST_MATH = YES;
				SDKROOT = iphoneos;
				SWIFT_COMPILATION_MODE = wholemodule;
				VALIDATE_PRODUCT = YES;
			};
			name = Release;
		};
		2D8B1F102CC417C9001C30D5 /* Debug */ = {
			isa = XCBuildConfiguration;
			buildSettings = {
				ASSETCATALOG_COMPILER_APPICON_NAME = AppIcon;
				ASSETCATALOG_COMPILER_GLOBAL_ACCENT_COLOR_NAME = AccentColor;
				CODE_SIGN_STYLE = Automatic;
				CURRENT_PROJECT_VERSION = 1;
				DEVELOPMENT_ASSET_PATHS = "\"ByteSize-Learn/Preview Content\"";
				ENABLE_PREVIEWS = YES;
				GENERATE_INFOPLIST_FILE = YES;
				INFOPLIST_KEY_UIApplicationSceneManifest_Generation = YES;
				INFOPLIST_KEY_UIApplicationSupportsIndirectInputEvents = YES;
				INFOPLIST_KEY_UILaunchScreen_Generation = YES;
				INFOPLIST_KEY_UISupportedInterfaceOrientations_iPad = "UIInterfaceOrientationPortrait UIInterfaceOrientationPortraitUpsideDown UIInterfaceOrientationLandscapeLeft UIInterfaceOrientationLandscapeRight";
				INFOPLIST_KEY_UISupportedInterfaceOrientations_iPhone = "UIInterfaceOrientationPortrait UIInterfaceOrientationLandscapeLeft UIInterfaceOrientationLandscapeRight";
				LD_RUNPATH_SEARCH_PATHS = (
					"$(inherited)",
					"@executable_path/Frameworks",
				);
				MARKETING_VERSION = 1.0;
				PRODUCT_BUNDLE_IDENTIFIER = "com.elipeter.ByteSize-Learn";
				PRODUCT_NAME = "$(TARGET_NAME)";
				SWIFT_EMIT_LOC_STRINGS = YES;
				SWIFT_VERSION = 5.0;
				TARGETED_DEVICE_FAMILY = "1,2";
			};
			name = Debug;
		};
		2D8B1F112CC417C9001C30D5 /* Release */ = {
			isa = XCBuildConfiguration;
			buildSettings = {
				ASSETCATALOG_COMPILER_APPICON_NAME = AppIcon;
				ASSETCATALOG_COMPILER_GLOBAL_ACCENT_COLOR_NAME = AccentColor;
				CODE_SIGN_STYLE = Automatic;
				CURRENT_PROJECT_VERSION = 1;
				DEVELOPMENT_ASSET_PATHS = "\"ByteSize-Learn/Preview Content\"";
				ENABLE_PREVIEWS = YES;
				GENERATE_INFOPLIST_FILE = YES;
				INFOPLIST_KEY_UIApplicationSceneManifest_Generation = YES;
				INFOPLIST_KEY_UIApplicationSupportsIndirectInputEvents = YES;
				INFOPLIST_KEY_UILaunchScreen_Generation = YES;
				INFOPLIST_KEY_UISupportedInterfaceOrientations_iPad = "UIInterfaceOrientationPortrait UIInterfaceOrientationPortraitUpsideDown UIInterfaceOrientationLandscapeLeft UIInterfaceOrientationLandscapeRight";
				INFOPLIST_KEY_UISupportedInterfaceOrientations_iPhone = "UIInterfaceOrientationPortrait UIInterfaceOrientationLandscapeLeft UIInterfaceOrientationLandscapeRight";
				LD_RUNPATH_SEARCH_PATHS = (
					"$(inherited)",
					"@executable_path/Frameworks",
				);
				MARKETING_VERSION = 1.0;
				PRODUCT_BUNDLE_IDENTIFIER = "com.elipeter.ByteSize-Learn";
				PRODUCT_NAME = "$(TARGET_NAME)";
				SWIFT_EMIT_LOC_STRINGS = YES;
				SWIFT_VERSION = 5.0;
				TARGETED_DEVICE_FAMILY = "1,2";
			};
			name = Release;
		};
		2D8B1F132CC417C9001C30D5 /* Debug */ = {
			isa = XCBuildConfiguration;
			buildSettings = {
				ALWAYS_EMBED_SWIFT_STANDARD_LIBRARIES = YES;
				BUNDLE_LOADER = "$(TEST_HOST)";
				CODE_SIGN_STYLE = Automatic;
				CURRENT_PROJECT_VERSION = 1;
				GENERATE_INFOPLIST_FILE = YES;
				IPHONEOS_DEPLOYMENT_TARGET = 17.0;
				MARKETING_VERSION = 1.0;
				PRODUCT_BUNDLE_IDENTIFIER = "com.elipeter.ByteSize-LearnTests";
				PRODUCT_NAME = "$(TARGET_NAME)";
				SWIFT_EMIT_LOC_STRINGS = NO;
				SWIFT_VERSION = 5.0;
				TARGETED_DEVICE_FAMILY = "1,2";
				TEST_HOST = "$(BUILT_PRODUCTS_DIR)/ByteSize-Learn.app/$(BUNDLE_EXECUTABLE_FOLDER_PATH)/ByteSize-Learn";
			};
			name = Debug;
		};
		2D8B1F142CC417C9001C30D5 /* Release */ = {
			isa = XCBuildConfiguration;
			buildSettings = {
				ALWAYS_EMBED_SWIFT_STANDARD_LIBRARIES = YES;
				BUNDLE_LOADER = "$(TEST_HOST)";
				CODE_SIGN_STYLE = Automatic;
				CURRENT_PROJECT_VERSION = 1;
				GENERATE_INFOPLIST_FILE = YES;
				IPHONEOS_DEPLOYMENT_TARGET = 17.0;
				MARKETING_VERSION = 1.0;
				PRODUCT_BUNDLE_IDENTIFIER = "com.elipeter.ByteSize-LearnTests";
				PRODUCT_NAME = "$(TARGET_NAME)";
				SWIFT_EMIT_LOC_STRINGS = NO;
				SWIFT_VERSION = 5.0;
				TARGETED_DEVICE_FAMILY = "1,2";
				TEST_HOST = "$(BUILT_PRODUCTS_DIR)/ByteSize-Learn.app/$(BUNDLE_EXECUTABLE_FOLDER_PATH)/ByteSize-Learn";
			};
			name = Release;
		};
		2D8B1F162CC417C9001C30D5 /* Debug */ = {
			isa = XCBuildConfiguration;
			buildSettings = {
				ALWAYS_EMBED_SWIFT_STANDARD_LIBRARIES = YES;
				CODE_SIGN_STYLE = Automatic;
				CURRENT_PROJECT_VERSION = 1;
				GENERATE_INFOPLIST_FILE = YES;
				MARKETING_VERSION = 1.0;
				PRODUCT_BUNDLE_IDENTIFIER = "com.elipeter.ByteSize-LearnUITests";
				PRODUCT_NAME = "$(TARGET_NAME)";
				SWIFT_EMIT_LOC_STRINGS = NO;
				SWIFT_VERSION = 5.0;
				TARGETED_DEVICE_FAMILY = "1,2";
				TEST_TARGET_NAME = "ByteSize-Learn";
			};
			name = Debug;
		};
		2D8B1F172CC417C9001C30D5 /* Release */ = {
			isa = XCBuildConfiguration;
			buildSettings = {
				ALWAYS_EMBED_SWIFT_STANDARD_LIBRARIES = YES;
				CODE_SIGN_STYLE = Automatic;
				CURRENT_PROJECT_VERSION = 1;
				GENERATE_INFOPLIST_FILE = YES;
				MARKETING_VERSION = 1.0;
				PRODUCT_BUNDLE_IDENTIFIER = "com.elipeter.ByteSize-LearnUITests";
				PRODUCT_NAME = "$(TARGET_NAME)";
				SWIFT_EMIT_LOC_STRINGS = NO;
				SWIFT_VERSION = 5.0;
				TARGETED_DEVICE_FAMILY = "1,2";
				TEST_TARGET_NAME = "ByteSize-Learn";
			};
			name = Release;
		};
/* End XCBuildConfiguration section */

/* Begin XCConfigurationList section */
		2D8B1EE62CC417C8001C30D5 /* Build configuration list for PBXProject "ByteSize-Learn" */ = {
			isa = XCConfigurationList;
			buildConfigurations = (
				2D8B1F0D2CC417C9001C30D5 /* Debug */,
				2D8B1F0E2CC417C9001C30D5 /* Release */,
			);
			defaultConfigurationIsVisible = 0;
			defaultConfigurationName = Release;
		};
		2D8B1F0F2CC417C9001C30D5 /* Build configuration list for PBXNativeTarget "ByteSize-Learn" */ = {
			isa = XCConfigurationList;
			buildConfigurations = (
				2D8B1F102CC417C9001C30D5 /* Debug */,
				2D8B1F112CC417C9001C30D5 /* Release */,
			);
			defaultConfigurationIsVisible = 0;
			defaultConfigurationName = Release;
		};
		2D8B1F122CC417C9001C30D5 /* Build configuration list for PBXNativeTarget "ByteSize-LearnTests" */ = {
			isa = XCConfigurationList;
			buildConfigurations = (
				2D8B1F132CC417C9001C30D5 /* Debug */,
				2D8B1F142CC417C9001C30D5 /* Release */,
			);
			defaultConfigurationIsVisible = 0;
			defaultConfigurationName = Release;
		};
		2D8B1F152CC417C9001C30D5 /* Build configuration list for PBXNativeTarget "ByteSize-LearnUITests" */ = {
			isa = XCConfigurationList;
			buildConfigurations = (
				2D8B1F162CC417C9001C30D5 /* Debug */,
				2D8B1F172CC417C9001C30D5 /* Release */,
			);
			defaultConfigurationIsVisible = 0;
			defaultConfigurationName = Release;
		};
/* End XCConfigurationList section */

/* Begin XCRemoteSwiftPackageReference section */
		2DA10A392CC42152007BE130 /* XCRemoteSwiftPackageReference "amplify-swift" */ = {
			isa = XCRemoteSwiftPackageReference;
			repositoryURL = "https://github.com/aws-amplify/amplify-swift";
			requirement = {
				kind = upToNextMajorVersion;
				minimumVersion = 2.42.2;
			};
		};
/* End XCRemoteSwiftPackageReference section */

/* Begin XCSwiftPackageProductDependency section */
		2DA10A3A2CC42152007BE130 /* AWSAPIPlugin */ = {
			isa = XCSwiftPackageProductDependency;
			package = 2DA10A392CC42152007BE130 /* XCRemoteSwiftPackageReference "amplify-swift" */;
			productName = AWSAPIPlugin;
		};
		2DA10A3C2CC42152007BE130 /* AWSCloudWatchLoggingPlugin */ = {
			isa = XCSwiftPackageProductDependency;
			package = 2DA10A392CC42152007BE130 /* XCRemoteSwiftPackageReference "amplify-swift" */;
			productName = AWSCloudWatchLoggingPlugin;
		};
		2DA10A3E2CC42152007BE130 /* AWSCognitoAuthPlugin */ = {
			isa = XCSwiftPackageProductDependency;
			package = 2DA10A392CC42152007BE130 /* XCRemoteSwiftPackageReference "amplify-swift" */;
			productName = AWSCognitoAuthPlugin;
		};
		2DA10A402CC42152007BE130 /* AWSDataStorePlugin */ = {
			isa = XCSwiftPackageProductDependency;
			package = 2DA10A392CC42152007BE130 /* XCRemoteSwiftPackageReference "amplify-swift" */;
			productName = AWSDataStorePlugin;
		};
		2DA10A422CC42152007BE130 /* AWSLocationGeoPlugin */ = {
			isa = XCSwiftPackageProductDependency;
			package = 2DA10A392CC42152007BE130 /* XCRemoteSwiftPackageReference "amplify-swift" */;
			productName = AWSLocationGeoPlugin;
		};
		2DA10A442CC42152007BE130 /* AWSPinpointAnalyticsPlugin */ = {
			isa = XCSwiftPackageProductDependency;
			package = 2DA10A392CC42152007BE130 /* XCRemoteSwiftPackageReference "amplify-swift" */;
			productName = AWSPinpointAnalyticsPlugin;
		};
		2DA10A462CC42152007BE130 /* AWSPinpointPushNotificationsPlugin */ = {
			isa = XCSwiftPackageProductDependency;
			package = 2DA10A392CC42152007BE130 /* XCRemoteSwiftPackageReference "amplify-swift" */;
			productName = AWSPinpointPushNotificationsPlugin;
		};
		2DA10A482CC42152007BE130 /* AWSPluginsCore */ = {
			isa = XCSwiftPackageProductDependency;
			package = 2DA10A392CC42152007BE130 /* XCRemoteSwiftPackageReference "amplify-swift" */;
			productName = AWSPluginsCore;
		};
		2DA10A4A2CC42152007BE130 /* AWSPredictionsPlugin */ = {
			isa = XCSwiftPackageProductDependency;
			package = 2DA10A392CC42152007BE130 /* XCRemoteSwiftPackageReference "amplify-swift" */;
			productName = AWSPredictionsPlugin;
		};
		2DA10A4C2CC42152007BE130 /* AWSS3StoragePlugin */ = {
			isa = XCSwiftPackageProductDependency;
			package = 2DA10A392CC42152007BE130 /* XCRemoteSwiftPackageReference "amplify-swift" */;
			productName = AWSS3StoragePlugin;
		};
		2DA10A4E2CC42152007BE130 /* Amplify */ = {
			isa = XCSwiftPackageProductDependency;
			package = 2DA10A392CC42152007BE130 /* XCRemoteSwiftPackageReference "amplify-swift" */;
			productName = Amplify;
		};
		2DA10A502CC42152007BE130 /* CoreMLPredictionsPlugin */ = {
			isa = XCSwiftPackageProductDependency;
			package = 2DA10A392CC42152007BE130 /* XCRemoteSwiftPackageReference "amplify-swift" */;
			productName = CoreMLPredictionsPlugin;
		};
/* End XCSwiftPackageProductDependency section */
	};
	rootObject = 2D8B1EE32CC417C8001C30D5 /* Project object */;
}
